
Microsoft Visual Studio Solution File, Format Version 12.00
# Visual Studio Version 16
VisualStudioVersion = 16.0.31019.35
MinimumVisualStudioVersion = 10.0.40219.1
Project("{FAE04EC0-301F-11D3-BF4B-00C04F79EFBC}") = "MockDevOps", "MockDevOps.csproj", "{120F2540-AE41-4B6F-ADBC-0B8744B3CFE4}"
EndProject
Global
	GlobalSection(SolutionConfigurationPlatforms) = preSolution
		Debug|Any CPU = Debug|Any CPU
		Release|Any CPU = Release|Any CPU
	EndGlobalSection
	GlobalSection(ProjectConfigurationPlatforms) = postSolution
		{120F2540-AE41-4B6F-ADBC-0B8744B3CFE4}.Debug|Any CPU.ActiveCfg = Debug|Any CPU
		{120F2540-AE41-4B6F-ADBC-0B8744B3CFE4}.Debug|Any CPU.Build.0 = Debug|Any CPU
		{120F2540-AE41-4B6F-ADBC-0B8744B3CFE4}.Release|Any CPU.ActiveCfg = Release|Any CPU
		{120F2540-AE41-4B6F-ADBC-0B8744B3CFE4}.Release|Any CPU.Build.0 = Release|Any CPU
	EndGlobalSection
	GlobalSection(SolutionProperties) = preSolution
		HideSolutionNode = FALSE
	EndGlobalSection
	GlobalSection(ExtensibilityGlobals) = postSolution
		SolutionGuid = {91A541BF-B17B-4BF5-AC86-5BD139483306}
	EndGlobalSection
EndGlobal
